
Microsoft Visual Studio Solution File, Format Version 12.00
# Visual Studio 15
VisualStudioVersion = 15.0.28307.271
MinimumVisualStudioVersion = 10.0.40219.1
Project("{FAE04EC0-301F-11D3-BF4B-00C04F79EFBC}") = "200407812A1", "200407812A1\200407812A1.csproj", "{925168A2-9CB8-4BB8-BA22-A36DA953F182}"
EndProject
Global
	GlobalSection(SolutionConfigurationPlatforms) = preSolution
		Debug|Any CPU = Debug|Any CPU
		Release|Any CPU = Release|Any CPU
	EndGlobalSection
	GlobalSection(ProjectConfigurationPlatforms) = postSolution
		{925168A2-9CB8-4BB8-BA22-A36DA953F182}.Debug|Any CPU.ActiveCfg = Debug|Any CPU
		{925168A2-9CB8-4BB8-BA22-A36DA953F182}.Debug|Any CPU.Build.0 = Debug|Any CPU
		{925168A2-9CB8-4BB8-BA22-A36DA953F182}.Release|Any CPU.ActiveCfg = Release|Any CPU
		{925168A2-9CB8-4BB8-BA22-A36DA953F182}.Release|Any CPU.Build.0 = Release|Any CPU
	EndGlobalSection
	GlobalSection(SolutionProperties) = preSolution
		HideSolutionNode = FALSE
	EndGlobalSection
	GlobalSection(ExtensibilityGlobals) = postSolution
		SolutionGuid = {F7C80467-8BEE-487D-8C50-6898C734C8A1}
	EndGlobalSection
EndGlobal
